
Microsoft Visual Studio Solution File, Format Version 12.00
# Visual Studio 15
VisualStudioVersion = 15.0.27130.2036
MinimumVisualStudioVersion = 10.0.40219.1
Project("{FAE04EC0-301F-11D3-BF4B-00C04F79EFBC}") = "WpfApplication", "WpfApplication\WpfApplication.csproj", "{6756855D-1A6D-460A-95D5-FE196B5DF1F7}"
EndProject
Project("{FAE04EC0-301F-11D3-BF4B-00C04F79EFBC}") = "Utilities", "Utilities\Utilities.csproj", "{EDE5E0EF-3310-4A67-A5B1-C7A5C593CA66}"
EndProject
Project("{2150E333-8FDC-42A3-9474-1A3956D46DE8}") = "Tests", "Tests", "{3C36AE1B-EA4B-4E83-8F21-E0D73737C5DC}"
EndProject
Project("{FAE04EC0-301F-11D3-BF4B-00C04F79EFBC}") = "Utilities.UnitTests", "Utilities.UnitTests\Utilities.UnitTests.csproj", "{908196EF-3E15-4766-AB65-AAEA0CD5634D}"
	ProjectSection(ProjectDependencies) = postProject
		{EDE5E0EF-3310-4A67-A5B1-C7A5C593CA66} = {EDE5E0EF-3310-4A67-A5B1-C7A5C593CA66}
	EndProjectSection
EndProject
Project("{FAE04EC0-301F-11D3-BF4B-00C04F79EFBC}") = "SchoolReportApi", "SchoolReportApi\SchoolReportApi.csproj", "{D7DAF956-AF8E-4741-B32B-BD56E42E06DB}"
EndProject
Project("{2150E333-8FDC-42A3-9474-1A3956D46DE8}") = "Backend", "Backend", "{5AF0B0DF-0418-45F6-B72B-EBD789223B5A}"
EndProject
Project("{2150E333-8FDC-42A3-9474-1A3956D46DE8}") = "Frontend", "Frontend", "{149C766B-ACBD-4A66-AAA0-EAEF1D50FD0B}"
EndProject
Project("{2150E333-8FDC-42A3-9474-1A3956D46DE8}") = "Infrastructure", "Infrastructure", "{9E2FF3F6-E8A3-42DA-B007-A6F0AA9D8B46}"
EndProject
Project("{FAE04EC0-301F-11D3-BF4B-00C04F79EFBC}") = "Models", "Models\Models.csproj", "{7DC9B784-DA51-4E8D-AA1B-B703F2E0E301}"
EndProject
Global
	GlobalSection(SolutionConfigurationPlatforms) = preSolution
		Debug|Any CPU = Debug|Any CPU
		Release|Any CPU = Release|Any CPU
	EndGlobalSection
	GlobalSection(ProjectConfigurationPlatforms) = postSolution
		{6756855D-1A6D-460A-95D5-FE196B5DF1F7}.Debug|Any CPU.ActiveCfg = Debug|Any CPU
		{6756855D-1A6D-460A-95D5-FE196B5DF1F7}.Debug|Any CPU.Build.0 = Debug|Any CPU
		{6756855D-1A6D-460A-95D5-FE196B5DF1F7}.Release|Any CPU.ActiveCfg = Release|Any CPU
		{6756855D-1A6D-460A-95D5-FE196B5DF1F7}.Release|Any CPU.Build.0 = Release|Any CPU
		{EDE5E0EF-3310-4A67-A5B1-C7A5C593CA66}.Debug|Any CPU.ActiveCfg = Debug|Any CPU
		{EDE5E0EF-3310-4A67-A5B1-C7A5C593CA66}.Debug|Any CPU.Build.0 = Debug|Any CPU
		{EDE5E0EF-3310-4A67-A5B1-C7A5C593CA66}.Release|Any CPU.ActiveCfg = Release|Any CPU
		{EDE5E0EF-3310-4A67-A5B1-C7A5C593CA66}.Release|Any CPU.Build.0 = Release|Any CPU
		{908196EF-3E15-4766-AB65-AAEA0CD5634D}.Debug|Any CPU.ActiveCfg = Debug|Any CPU
		{908196EF-3E15-4766-AB65-AAEA0CD5634D}.Debug|Any CPU.Build.0 = Debug|Any CPU
		{908196EF-3E15-4766-AB65-AAEA0CD5634D}.Release|Any CPU.ActiveCfg = Release|Any CPU
		{908196EF-3E15-4766-AB65-AAEA0CD5634D}.Release|Any CPU.Build.0 = Release|Any CPU
		{D7DAF956-AF8E-4741-B32B-BD56E42E06DB}.Debug|Any CPU.ActiveCfg = Debug|Any CPU
		{D7DAF956-AF8E-4741-B32B-BD56E42E06DB}.Debug|Any CPU.Build.0 = Debug|Any CPU
		{D7DAF956-AF8E-4741-B32B-BD56E42E06DB}.Release|Any CPU.ActiveCfg = Release|Any CPU
		{D7DAF956-AF8E-4741-B32B-BD56E42E06DB}.Release|Any CPU.Build.0 = Release|Any CPU
		{7DC9B784-DA51-4E8D-AA1B-B703F2E0E301}.Debug|Any CPU.ActiveCfg = Debug|Any CPU
		{7DC9B784-DA51-4E8D-AA1B-B703F2E0E301}.Debug|Any CPU.Build.0 = Debug|Any CPU
		{7DC9B784-DA51-4E8D-AA1B-B703F2E0E301}.Release|Any CPU.ActiveCfg = Release|Any CPU
		{7DC9B784-DA51-4E8D-AA1B-B703F2E0E301}.Release|Any CPU.Build.0 = Release|Any CPU
	EndGlobalSection
	GlobalSection(SolutionProperties) = preSolution
		HideSolutionNode = FALSE
	EndGlobalSection
	GlobalSection(NestedProjects) = preSolution
		{6756855D-1A6D-460A-95D5-FE196B5DF1F7} = {149C766B-ACBD-4A66-AAA0-EAEF1D50FD0B}
		{EDE5E0EF-3310-4A67-A5B1-C7A5C593CA66} = {9E2FF3F6-E8A3-42DA-B007-A6F0AA9D8B46}
		{908196EF-3E15-4766-AB65-AAEA0CD5634D} = {3C36AE1B-EA4B-4E83-8F21-E0D73737C5DC}
		{D7DAF956-AF8E-4741-B32B-BD56E42E06DB} = {5AF0B0DF-0418-45F6-B72B-EBD789223B5A}
		{7DC9B784-DA51-4E8D-AA1B-B703F2E0E301} = {9E2FF3F6-E8A3-42DA-B007-A6F0AA9D8B46}
	EndGlobalSection
	GlobalSection(ExtensibilityGlobals) = postSolution
		SolutionGuid = {6872FF90-C24D-490E-A630-4454F8A4960C}
	EndGlobalSection
EndGlobal
